// !$*UTF8*$!
{
	archiveVersion = 1;
	classes = {
	};
	objectVersion = 46;
	objects = {

/* Begin PBXFileReference section */
		363A5B6116A8BD5200CB747E /* DIET.xcodeproj */ = {isa = PBXFileReference; lastKnownFileType = "wrapper.pb-project"; name = DIET.xcodeproj; path = DIET/DIET.xcodeproj; sourceTree = "<group>"; };
/* End PBXFileReference section */

/* Begin PBXGroup section */
		363A5B4B16A8BCE500CB747E = {
			isa = PBXGroup;
			children = (
				363A5B6116A8BD5200CB747E /* DIET.xcodeproj */,
			);
			sourceTree = "<group>";
		};
		363A5B6216A8BD5200CB747E /* Products */ = {
			isa = PBXGroup;
			children = (
			);
			name = Products;
			sourceTree = "<group>";
		};
/* End PBXGroup section */

/* Begin PBXLegacyTarget section */
		363A5B5216A8BCE500CB747E /* DIET */ = {
			isa = PBXLegacyTarget;
			buildArgumentsString = "$(ACTION)";
			buildConfigurationList = 363A5B5516A8BCE500CB747E /* Build configuration list for PBXLegacyTarget "DIET" */;
			buildPhases = (
			);
			buildToolPath = /opt/local/bin/ccmake;
			dependencies = (
			);
			name = DIET;
			passBuildSettingsInEnvironment = 1;
			productName = DIET;
		};
/* End PBXLegacyTarget section */

/* Begin PBXProject section */
		363A5B4D16A8BCE500CB747E /* Project object */ = {
			isa = PBXProject;
			attributes = {
				LastUpgradeCheck = 0450;
				ORGANIZATIONNAME = "Eddy Caron";
			};
			buildConfigurationList = 363A5B5016A8BCE500CB747E /* Build configuration list for PBXProject "DIET" */;
			compatibilityVersion = "Xcode 3.2";
			developmentRegion = English;
			hasScannedForEncodings = 0;
			knownRegions = (
				en,
			);
			mainGroup = 363A5B4B16A8BCE500CB747E;
			projectDirPath = "";
			projectReferences = (
				{
					ProductGroup = 363A5B6216A8BD5200CB747E /* Products */;
					ProjectRef = 363A5B6116A8BD5200CB747E /* DIET.xcodeproj */;
				},
			);
			projectRoot = "";
			targets = (
				363A5B5216A8BCE500CB747E /* DIET */,
			);
		};
/* End PBXProject section */

/* Begin XCBuildConfiguration section */
		363A5B5316A8BCE500CB747E /* Debug */ = {
			isa = XCBuildConfiguration;
			buildSettings = {
				ALWAYS_SEARCH_USER_PATHS = NO;
				ARCHS = "$(ARCHS_STANDARD_64_BIT)";
				CLANG_CXX_LANGUAGE_STANDARD = "gnu++0x";
				CLANG_CXX_LIBRARY = "libc++";
				CLANG_WARN_EMPTY_BODY = YES;
				CLANG_WARN__DUPLICATE_METHOD_MATCH = YES;
				COPY_PHASE_STRIP = NO;
				GCC_C_LANGUAGE_STANDARD = gnu99;
				GCC_DYNAMIC_NO_PIC = NO;
				GCC_ENABLE_OBJC_EXCEPTIONS = YES;
				GCC_OPTIMIZATION_LEVEL = 0;
				GCC_PREPROCESSOR_DEFINITIONS = (
					"DEBUG=1",
					"$(inherited)",
				);
				GCC_SYMBOLS_PRIVATE_EXTERN = NO;
				GCC_WARN_64_TO_32_BIT_CONVERSION = YES;
				GCC_WARN_ABOUT_RETURN_TYPE = YES;
				GCC_WARN_UNINITIALIZED_AUTOS = YES;
				GCC_WARN_UNUSED_VARIABLE = YES;
				MACOSX_DEPLOYMENT_TARGET = 10.8;
				ONLY_ACTIVE_ARCH = YES;
				SDKROOT = macosx;
			};
			name = Debug;
		};
		363A5B5416A8BCE500CB747E /* Release */ = {
			isa = XCBuildConfiguration;
			buildSettings = {
				ALWAYS_SEARCH_USER_PATHS = NO;
				ARCHS = "$(ARCHS_STANDARD_64_BIT)";
				CLANG_CXX_LANGUAGE_STANDARD = "gnu++0x";
				CLANG_CXX_LIBRARY = "libc++";
				CLANG_WARN_EMPTY_BODY = YES;
				CLANG_WARN__DUPLICATE_METHOD_MATCH = YES;
				COPY_PHASE_STRIP = YES;
				DEBUG_INFORMATION_FORMAT = "dwarf-with-dsym";
				GCC_C_LANGUAGE_STANDARD = gnu99;
				GCC_ENABLE_OBJC_EXCEPTIONS = YES;
				GCC_WARN_64_TO_32_BIT_CONVERSION = YES;
				GCC_WARN_ABOUT_RETURN_TYPE = YES;
				GCC_WARN_UNINITIALIZED_AUTOS = YES;
				GCC_WARN_UNUSED_VARIABLE = YES;
				MACOSX_DEPLOYMENT_TARGET = 10.8;
				SDKROOT = macosx;
			};
			name = Release;
		};
		363A5B5616A8BCE500CB747E /* Debug */ = {
			isa = XCBuildConfiguration;
			buildSettings = {
				DEBUGGING_SYMBOLS = YES;
				GCC_GENERATE_DEBUGGING_SYMBOLS = YES;
				GCC_OPTIMIZATION_LEVEL = 0;
				OTHER_CFLAGS = "";
				OTHER_LDFLAGS = "";
				PRODUCT_NAME = "$(TARGET_NAME)";
			};
			name = Debug;
		};
		363A5B5716A8BCE500CB747E /* Release */ = {
			isa = XCBuildConfiguration;
			buildSettings = {
				OTHER_CFLAGS = "";
				OTHER_LDFLAGS = "";
				PRODUCT_NAME = "$(TARGET_NAME)";
			};
			name = Release;
		};
/* End XCBuildConfiguration section */

/* Begin XCConfigurationList section */
		363A5B5016A8BCE500CB747E /* Build configuration list for PBXProject "DIET" */ = {
			isa = XCConfigurationList;
			buildConfigurations = (
				363A5B5316A8BCE500CB747E /* Debug */,
				363A5B5416A8BCE500CB747E /* Release */,
			);
			defaultConfigurationIsVisible = 0;
			defaultConfigurationName = Release;
		};
		363A5B5516A8BCE500CB747E /* Build configuration list for PBXLegacyTarget "DIET" */ = {
			isa = XCConfigurationList;
			buildConfigurations = (
				363A5B5616A8BCE500CB747E /* Debug */,
				363A5B5716A8BCE500CB747E /* Release */,
			);
			defaultConfigurationIsVisible = 0;
		};
/* End XCConfigurationList section */
	};
	rootObject = 363A5B4D16A8BCE500CB747E /* Project object */;
}
