// !$*UTF8*$!
{
	archiveVersion = 1;
	classes = {
	};
	objectVersion = 46;
	objects = {

/* Begin PBXGroup section */
		363A5B5816A8BD5200CB747E = {
			isa = PBXGroup;
			children = (
			);
			sourceTree = "<group>";
		};
/* End PBXGroup section */

/* Begin PBXProject section */
		363A5B5A16A8BD5200CB747E /* Project object */ = {
			isa = PBXProject;
			attributes = {
				LastUpgradeCheck = 0450;
			};
			buildConfigurationList = 363A5B5D16A8BD5200CB747E /* Build configuration list for PBXProject "DIET" */;
			compatibilityVersion = "Xcode 3.2";
			developmentRegion = English;
			hasScannedForEncodings = 0;
			knownRegions = (
				en,
			);
			mainGroup = 363A5B5816A8BD5200CB747E;
			projectDirPath = "";
			projectRoot = "";
			targets = (
			);
		};
/* End PBXProject section */

/* Begin XCBuildConfiguration section */
		363A5B5F16A8BD5200CB747E /* Debug */ = {
			isa = XCBuildConfiguration;
			buildSettings = {
			};
			name = Debug;
		};
		363A5B6016A8BD5200CB747E /* Release */ = {
			isa = XCBuildConfiguration;
			buildSettings = {
			};
			name = Release;
		};
/* End XCBuildConfiguration section */

/* Begin XCConfigurationList section */
		363A5B5D16A8BD5200CB747E /* Build configuration list for PBXProject "DIET" */ = {
			isa = XCConfigurationList;
			buildConfigurations = (
				363A5B5F16A8BD5200CB747E /* Debug */,
				363A5B6016A8BD5200CB747E /* Release */,
			);
			defaultConfigurationIsVisible = 0;
			defaultConfigurationName = Release;
		};
/* End XCConfigurationList section */
	};
	rootObject = 363A5B5A16A8BD5200CB747E /* Project object */;
}
